{
  "name": "pokemon_brawl",
  "version": "1.0.0",
  "lockfileVersion": 2,
  "requires": true,
  "packages": {
    "": {
      "name": "pokemon_brawl",
      "version": "1.0.0",
      "license": "ISC",
      "devDependencies": {},
      "engines": {
        "node": "16.9.0",
        "yarn": "1.22.15"
      }
    }
  }
}
